Microsoft Visual Studio Solution File, Format Version 12.00
# Visual Studio Version 17
VisualStudioVersion = 17.5.33502.453
MinimumVisualStudioVersion = 10.0.40219.1
Project("{2150E333-8FDC-42A3-9474-1A3956D46DE8}") = "stuff", "stuff", "{1ABDD7C1-1F8D-402D-8692-3E4B66962DE0}"
	ProjectSection(SolutionItems) = preProject
		appveyor.yml = appveyor.yml
		CHANGELOG.md = CHANGELOG.md
		CONTRIBUTING.md = CONTRIBUTING.md
		LICENSE.md = LICENSE.md
		README.md = README.md
	EndProjectSection
EndProject
Project("{9A19103F-16F7-4668-BE54-9A1E7A4F7556}") = "Rebus.CircuitBreaker", "Rebus.CircuitBreaker\Rebus.CircuitBreaker.csproj", "{77FA99B9-F6B6-438D-9B32-7836D41209C3}"
EndProject
Project("{9A19103F-16F7-4668-BE54-9A1E7A4F7556}") = "Rebus.CircuitBreaker.Tests", "Rebus.CircuitBreaker.Tests\Rebus.CircuitBreaker.Tests.csproj", "{2A69476A-00B3-4A0A-9F84-DFD6EC71633E}"
EndProject
Global
	GlobalSection(SolutionConfigurationPlatforms) = preSolution
		Debug|Any CPU = Debug|Any CPU
		Release|Any CPU = Release|Any CPU
	EndGlobalSection
	GlobalSection(ProjectConfigurationPlatforms) = postSolution
		{77FA99B9-F6B6-438D-9B32-7836D41209C3}.Debug|Any CPU.ActiveCfg = Debug|Any CPU
		{77FA99B9-F6B6-438D-9B32-7836D41209C3}.Debug|Any CPU.Build.0 = Debug|Any CPU
		{77FA99B9-F6B6-438D-9B32-7836D41209C3}.Release|Any CPU.ActiveCfg = Release|Any CPU
		{77FA99B9-F6B6-438D-9B32-7836D41209C3}.Release|Any CPU.Build.0 = Release|Any CPU
		{2A69476A-00B3-4A0A-9F84-DFD6EC71633E}.Debug|Any CPU.ActiveCfg = Debug|Any CPU
		{2A69476A-00B3-4A0A-9F84-DFD6EC71633E}.Debug|Any CPU.Build.0 = Debug|Any CPU
		{2A69476A-00B3-4A0A-9F84-DFD6EC71633E}.Release|Any CPU.ActiveCfg = Release|Any CPU
		{2A69476A-00B3-4A0A-9F84-DFD6EC71633E}.Release|Any CPU.Build.0 = Release|Any CPU
	EndGlobalSection
	GlobalSection(SolutionProperties) = preSolution
		HideSolutionNode = FALSE
	EndGlobalSection
	GlobalSection(ExtensibilityGlobals) = postSolution
		SolutionGuid = {B6F3CA25-CC41-41FE-8341-3EF6E9778B59}
	EndGlobalSection
EndGlobal
